
Microsoft Visual Studio Solution File, Format Version 12.00
# Visual Studio 15
VisualStudioVersion = 15.0.26730.8
MinimumVisualStudioVersion = 10.0.40219.1
Project("{FAE04EC0-301F-11D3-BF4B-00C04F79EFBC}") = "DesignPatterns", "DesignPatterns\DesignPatterns.csproj", "{13166C16-3026-4659-9875-08B2E0167818}"
EndProject
Project("{FAE04EC0-301F-11D3-BF4B-00C04F79EFBC}") = "FactoryMethod", "FactoryMethod\FactoryMethod.csproj", "{2F830A70-7FC8-43FD-8A32-E5199C3F7196}"
EndProject
Project("{FAE04EC0-301F-11D3-BF4B-00C04F79EFBC}") = "AbstractFactory", "AbstractFactory\AbstractFactory.csproj", "{E8CF7937-27FB-4D0D-A37A-204F2065BA05}"
EndProject
Project("{FAE04EC0-301F-11D3-BF4B-00C04F79EFBC}") = "Builder", "Builder\Builder.csproj", "{19711B59-C110-440F-BE17-A39BBDD88265}"
EndProject
Project("{2150E333-8FDC-42A3-9474-1A3956D46DE8}") = "Creational", "Creational", "{5BA37099-EA6D-4775-8CFA-23A71D7485E8}"
EndProject
Project("{2150E333-8FDC-42A3-9474-1A3956D46DE8}") = "Structural", "Structural", "{7BDAA5AB-0360-4804-940E-18292E74F45F}"
EndProject
Project("{2150E333-8FDC-42A3-9474-1A3956D46DE8}") = "Behavioral", "Behavioral", "{136C4D65-B33F-45CC-B300-D20E3B729E66}"
EndProject
Project("{FAE04EC0-301F-11D3-BF4B-00C04F79EFBC}") = "Prototype", "Prototype\Prototype.csproj", "{0F1D0BE8-7EB2-48A0-A73A-F391016C294B}"
EndProject
Project("{FAE04EC0-301F-11D3-BF4B-00C04F79EFBC}") = "Singleton", "Singleton\Singleton.csproj", "{552001DB-CADF-4333-963B-C347CC9543F3}"
EndProject
Project("{FAE04EC0-301F-11D3-BF4B-00C04F79EFBC}") = "Adapter", "Adapter\Adapter.csproj", "{70CC3892-2229-4041-808D-A53F0AA29D4C}"
EndProject
Project("{FAE04EC0-301F-11D3-BF4B-00C04F79EFBC}") = "Facade", "Facade\Facade.csproj", "{A2EB544C-46B5-4730-B2E9-25685715EEA1}"
EndProject
Project("{FAE04EC0-301F-11D3-BF4B-00C04F79EFBC}") = "Proxy", "Proxy\Proxy.csproj", "{4A3F6910-F2A7-4689-8DB3-88592E0CBEA5}"
EndProject
Project("{FAE04EC0-301F-11D3-BF4B-00C04F79EFBC}") = "Composite", "Composite\Composite.csproj", "{01AEF8A4-7794-4DB9-A4E4-9938CEE73222}"
EndProject
Project("{FAE04EC0-301F-11D3-BF4B-00C04F79EFBC}") = "Decorator", "Decorator\Decorator.csproj", "{E000B64C-91A1-412D-9847-9F782EAC2D44}"
EndProject
Project("{FAE04EC0-301F-11D3-BF4B-00C04F79EFBC}") = "Bridge", "Bridge\Bridge.csproj", "{B433C710-AFA2-4535-9D4A-C519C213D3B6}"
EndProject
Project("{FAE04EC0-301F-11D3-BF4B-00C04F79EFBC}") = "Iterator", "Iterator\Iterator.csproj", "{199AA6AF-30C0-4F0C-BFD5-9C8B57FCF598}"
EndProject
Project("{FAE04EC0-301F-11D3-BF4B-00C04F79EFBC}") = "ChainOfResponsibility", "ChainOfResponsibility\ChainOfResponsibility.csproj", "{C6F76411-5B90-4165-A495-CFF11531809E}"
EndProject
Project("{FAE04EC0-301F-11D3-BF4B-00C04F79EFBC}") = "Strategy", "Strategy\Strategy.csproj", "{E519D2AF-6E63-4503-9E21-67E17A6065E8}"
EndProject
Project("{FAE04EC0-301F-11D3-BF4B-00C04F79EFBC}") = "State", "State\State.csproj", "{9826FD4A-ACCE-42E5-A99B-CCC754F8CA3F}"
EndProject
Project("{FAE04EC0-301F-11D3-BF4B-00C04F79EFBC}") = "Observer", "Observer\Observer.csproj", "{E08FCE0B-35B2-4377-B010-7A4093DDD485}"
EndProject
Project("{FAE04EC0-301F-11D3-BF4B-00C04F79EFBC}") = "Command", "Command\Command.csproj", "{B4A2B339-8F48-428F-994A-93334CAE7B4A}"
EndProject
Project("{FAE04EC0-301F-11D3-BF4B-00C04F79EFBC}") = "Template", "Template\Template.csproj", "{906191DA-B0B7-4038-BA90-B72AB338E787}"
EndProject
Project("{FAE04EC0-301F-11D3-BF4B-00C04F79EFBC}") = "Mediator", "Mediator\Mediator.csproj", "{A7B638A3-21B9-45EE-9F6E-56E353F08F16}"
EndProject
Global
	GlobalSection(SolutionConfigurationPlatforms) = preSolution
		Debug|Any CPU = Debug|Any CPU
		Release|Any CPU = Release|Any CPU
	EndGlobalSection
	GlobalSection(ProjectConfigurationPlatforms) = postSolution
		{13166C16-3026-4659-9875-08B2E0167818}.Debug|Any CPU.ActiveCfg = Debug|Any CPU
		{13166C16-3026-4659-9875-08B2E0167818}.Debug|Any CPU.Build.0 = Debug|Any CPU
		{13166C16-3026-4659-9875-08B2E0167818}.Release|Any CPU.ActiveCfg = Release|Any CPU
		{13166C16-3026-4659-9875-08B2E0167818}.Release|Any CPU.Build.0 = Release|Any CPU
		{2F830A70-7FC8-43FD-8A32-E5199C3F7196}.Debug|Any CPU.ActiveCfg = Debug|Any CPU
		{2F830A70-7FC8-43FD-8A32-E5199C3F7196}.Debug|Any CPU.Build.0 = Debug|Any CPU
		{2F830A70-7FC8-43FD-8A32-E5199C3F7196}.Release|Any CPU.ActiveCfg = Release|Any CPU
		{2F830A70-7FC8-43FD-8A32-E5199C3F7196}.Release|Any CPU.Build.0 = Release|Any CPU
		{E8CF7937-27FB-4D0D-A37A-204F2065BA05}.Debug|Any CPU.ActiveCfg = Debug|Any CPU
		{E8CF7937-27FB-4D0D-A37A-204F2065BA05}.Debug|Any CPU.Build.0 = Debug|Any CPU
		{E8CF7937-27FB-4D0D-A37A-204F2065BA05}.Release|Any CPU.ActiveCfg = Release|Any CPU
		{E8CF7937-27FB-4D0D-A37A-204F2065BA05}.Release|Any CPU.Build.0 = Release|Any CPU
		{19711B59-C110-440F-BE17-A39BBDD88265}.Debug|Any CPU.ActiveCfg = Debug|Any CPU
		{19711B59-C110-440F-BE17-A39BBDD88265}.Debug|Any CPU.Build.0 = Debug|Any CPU
		{19711B59-C110-440F-BE17-A39BBDD88265}.Release|Any CPU.ActiveCfg = Release|Any CPU
		{19711B59-C110-440F-BE17-A39BBDD88265}.Release|Any CPU.Build.0 = Release|Any CPU
		{0F1D0BE8-7EB2-48A0-A73A-F391016C294B}.Debug|Any CPU.ActiveCfg = Debug|Any CPU
		{0F1D0BE8-7EB2-48A0-A73A-F391016C294B}.Debug|Any CPU.Build.0 = Debug|Any CPU
		{0F1D0BE8-7EB2-48A0-A73A-F391016C294B}.Release|Any CPU.ActiveCfg = Release|Any CPU
		{0F1D0BE8-7EB2-48A0-A73A-F391016C294B}.Release|Any CPU.Build.0 = Release|Any CPU
		{552001DB-CADF-4333-963B-C347CC9543F3}.Debug|Any CPU.ActiveCfg = Debug|Any CPU
		{552001DB-CADF-4333-963B-C347CC9543F3}.Debug|Any CPU.Build.0 = Debug|Any CPU
		{552001DB-CADF-4333-963B-C347CC9543F3}.Release|Any CPU.ActiveCfg = Release|Any CPU
		{552001DB-CADF-4333-963B-C347CC9543F3}.Release|Any CPU.Build.0 = Release|Any CPU
		{70CC3892-2229-4041-808D-A53F0AA29D4C}.Debug|Any CPU.ActiveCfg = Debug|Any CPU
		{70CC3892-2229-4041-808D-A53F0AA29D4C}.Debug|Any CPU.Build.0 = Debug|Any CPU
		{70CC3892-2229-4041-808D-A53F0AA29D4C}.Release|Any CPU.ActiveCfg = Release|Any CPU
		{70CC3892-2229-4041-808D-A53F0AA29D4C}.Release|Any CPU.Build.0 = Release|Any CPU
		{A2EB544C-46B5-4730-B2E9-25685715EEA1}.Debug|Any CPU.ActiveCfg = Debug|Any CPU
		{A2EB544C-46B5-4730-B2E9-25685715EEA1}.Debug|Any CPU.Build.0 = Debug|Any CPU
		{A2EB544C-46B5-4730-B2E9-25685715EEA1}.Release|Any CPU.ActiveCfg = Release|Any CPU
		{A2EB544C-46B5-4730-B2E9-25685715EEA1}.Release|Any CPU.Build.0 = Release|Any CPU
		{4A3F6910-F2A7-4689-8DB3-88592E0CBEA5}.Debug|Any CPU.ActiveCfg = Debug|Any CPU
		{4A3F6910-F2A7-4689-8DB3-88592E0CBEA5}.Debug|Any CPU.Build.0 = Debug|Any CPU
		{4A3F6910-F2A7-4689-8DB3-88592E0CBEA5}.Release|Any CPU.ActiveCfg = Release|Any CPU
		{4A3F6910-F2A7-4689-8DB3-88592E0CBEA5}.Release|Any CPU.Build.0 = Release|Any CPU
		{01AEF8A4-7794-4DB9-A4E4-9938CEE73222}.Debug|Any CPU.ActiveCfg = Debug|Any CPU
		{01AEF8A4-7794-4DB9-A4E4-9938CEE73222}.Debug|Any CPU.Build.0 = Debug|Any CPU
		{01AEF8A4-7794-4DB9-A4E4-9938CEE73222}.Release|Any CPU.ActiveCfg = Release|Any CPU
		{01AEF8A4-7794-4DB9-A4E4-9938CEE73222}.Release|Any CPU.Build.0 = Release|Any CPU
		{E000B64C-91A1-412D-9847-9F782EAC2D44}.Debug|Any CPU.ActiveCfg = Debug|Any CPU
		{E000B64C-91A1-412D-9847-9F782EAC2D44}.Debug|Any CPU.Build.0 = Debug|Any CPU
		{E000B64C-91A1-412D-9847-9F782EAC2D44}.Release|Any CPU.ActiveCfg = Release|Any CPU
		{E000B64C-91A1-412D-9847-9F782EAC2D44}.Release|Any CPU.Build.0 = Release|Any CPU
		{B433C710-AFA2-4535-9D4A-C519C213D3B6}.Debug|Any CPU.ActiveCfg = Debug|Any CPU
		{B433C710-AFA2-4535-9D4A-C519C213D3B6}.Debug|Any CPU.Build.0 = Debug|Any CPU
		{B433C710-AFA2-4535-9D4A-C519C213D3B6}.Release|Any CPU.ActiveCfg = Release|Any CPU
		{B433C710-AFA2-4535-9D4A-C519C213D3B6}.Release|Any CPU.Build.0 = Release|Any CPU
		{199AA6AF-30C0-4F0C-BFD5-9C8B57FCF598}.Debug|Any CPU.ActiveCfg = Debug|Any CPU
		{199AA6AF-30C0-4F0C-BFD5-9C8B57FCF598}.Debug|Any CPU.Build.0 = Debug|Any CPU
		{199AA6AF-30C0-4F0C-BFD5-9C8B57FCF598}.Release|Any CPU.ActiveCfg = Release|Any CPU
		{199AA6AF-30C0-4F0C-BFD5-9C8B57FCF598}.Release|Any CPU.Build.0 = Release|Any CPU
		{C6F76411-5B90-4165-A495-CFF11531809E}.Debug|Any CPU.ActiveCfg = Debug|Any CPU
		{C6F76411-5B90-4165-A495-CFF11531809E}.Debug|Any CPU.Build.0 = Debug|Any CPU
		{C6F76411-5B90-4165-A495-CFF11531809E}.Release|Any CPU.ActiveCfg = Release|Any CPU
		{C6F76411-5B90-4165-A495-CFF11531809E}.Release|Any CPU.Build.0 = Release|Any CPU
		{E519D2AF-6E63-4503-9E21-67E17A6065E8}.Debug|Any CPU.ActiveCfg = Debug|Any CPU
		{E519D2AF-6E63-4503-9E21-67E17A6065E8}.Debug|Any CPU.Build.0 = Debug|Any CPU
		{E519D2AF-6E63-4503-9E21-67E17A6065E8}.Release|Any CPU.ActiveCfg = Release|Any CPU
		{E519D2AF-6E63-4503-9E21-67E17A6065E8}.Release|Any CPU.Build.0 = Release|Any CPU
		{9826FD4A-ACCE-42E5-A99B-CCC754F8CA3F}.Debug|Any CPU.ActiveCfg = Debug|Any CPU
		{9826FD4A-ACCE-42E5-A99B-CCC754F8CA3F}.Debug|Any CPU.Build.0 = Debug|Any CPU
		{9826FD4A-ACCE-42E5-A99B-CCC754F8CA3F}.Release|Any CPU.ActiveCfg = Release|Any CPU
		{9826FD4A-ACCE-42E5-A99B-CCC754F8CA3F}.Release|Any CPU.Build.0 = Release|Any CPU
		{E08FCE0B-35B2-4377-B010-7A4093DDD485}.Debug|Any CPU.ActiveCfg = Debug|Any CPU
		{E08FCE0B-35B2-4377-B010-7A4093DDD485}.Debug|Any CPU.Build.0 = Debug|Any CPU
		{E08FCE0B-35B2-4377-B010-7A4093DDD485}.Release|Any CPU.ActiveCfg = Release|Any CPU
		{E08FCE0B-35B2-4377-B010-7A4093DDD485}.Release|Any CPU.Build.0 = Release|Any CPU
		{B4A2B339-8F48-428F-994A-93334CAE7B4A}.Debug|Any CPU.ActiveCfg = Debug|Any CPU
		{B4A2B339-8F48-428F-994A-93334CAE7B4A}.Debug|Any CPU.Build.0 = Debug|Any CPU
		{B4A2B339-8F48-428F-994A-93334CAE7B4A}.Release|Any CPU.ActiveCfg = Release|Any CPU
		{B4A2B339-8F48-428F-994A-93334CAE7B4A}.Release|Any CPU.Build.0 = Release|Any CPU
		{906191DA-B0B7-4038-BA90-B72AB338E787}.Debug|Any CPU.ActiveCfg = Debug|Any CPU
		{906191DA-B0B7-4038-BA90-B72AB338E787}.Debug|Any CPU.Build.0 = Debug|Any CPU
		{906191DA-B0B7-4038-BA90-B72AB338E787}.Release|Any CPU.ActiveCfg = Release|Any CPU
		{906191DA-B0B7-4038-BA90-B72AB338E787}.Release|Any CPU.Build.0 = Release|Any CPU
		{A7B638A3-21B9-45EE-9F6E-56E353F08F16}.Debug|Any CPU.ActiveCfg = Debug|Any CPU
		{A7B638A3-21B9-45EE-9F6E-56E353F08F16}.Debug|Any CPU.Build.0 = Debug|Any CPU
		{A7B638A3-21B9-45EE-9F6E-56E353F08F16}.Release|Any CPU.ActiveCfg = Release|Any CPU
		{A7B638A3-21B9-45EE-9F6E-56E353F08F16}.Release|Any CPU.Build.0 = Release|Any CPU
	EndGlobalSection
	GlobalSection(SolutionProperties) = preSolution
		HideSolutionNode = FALSE
	EndGlobalSection
	GlobalSection(NestedProjects) = preSolution
		{2F830A70-7FC8-43FD-8A32-E5199C3F7196} = {5BA37099-EA6D-4775-8CFA-23A71D7485E8}
		{E8CF7937-27FB-4D0D-A37A-204F2065BA05} = {5BA37099-EA6D-4775-8CFA-23A71D7485E8}
		{19711B59-C110-440F-BE17-A39BBDD88265} = {5BA37099-EA6D-4775-8CFA-23A71D7485E8}
		{0F1D0BE8-7EB2-48A0-A73A-F391016C294B} = {5BA37099-EA6D-4775-8CFA-23A71D7485E8}
		{552001DB-CADF-4333-963B-C347CC9543F3} = {5BA37099-EA6D-4775-8CFA-23A71D7485E8}
		{70CC3892-2229-4041-808D-A53F0AA29D4C} = {7BDAA5AB-0360-4804-940E-18292E74F45F}
		{A2EB544C-46B5-4730-B2E9-25685715EEA1} = {7BDAA5AB-0360-4804-940E-18292E74F45F}
		{4A3F6910-F2A7-4689-8DB3-88592E0CBEA5} = {7BDAA5AB-0360-4804-940E-18292E74F45F}
		{01AEF8A4-7794-4DB9-A4E4-9938CEE73222} = {7BDAA5AB-0360-4804-940E-18292E74F45F}
		{E000B64C-91A1-412D-9847-9F782EAC2D44} = {7BDAA5AB-0360-4804-940E-18292E74F45F}
		{B433C710-AFA2-4535-9D4A-C519C213D3B6} = {7BDAA5AB-0360-4804-940E-18292E74F45F}
		{199AA6AF-30C0-4F0C-BFD5-9C8B57FCF598} = {136C4D65-B33F-45CC-B300-D20E3B729E66}
		{C6F76411-5B90-4165-A495-CFF11531809E} = {136C4D65-B33F-45CC-B300-D20E3B729E66}
		{E519D2AF-6E63-4503-9E21-67E17A6065E8} = {136C4D65-B33F-45CC-B300-D20E3B729E66}
		{9826FD4A-ACCE-42E5-A99B-CCC754F8CA3F} = {136C4D65-B33F-45CC-B300-D20E3B729E66}
		{E08FCE0B-35B2-4377-B010-7A4093DDD485} = {136C4D65-B33F-45CC-B300-D20E3B729E66}
		{B4A2B339-8F48-428F-994A-93334CAE7B4A} = {136C4D65-B33F-45CC-B300-D20E3B729E66}
		{906191DA-B0B7-4038-BA90-B72AB338E787} = {136C4D65-B33F-45CC-B300-D20E3B729E66}
		{A7B638A3-21B9-45EE-9F6E-56E353F08F16} = {136C4D65-B33F-45CC-B300-D20E3B729E66}
	EndGlobalSection
	GlobalSection(ExtensibilityGlobals) = postSolution
		SolutionGuid = {BB838008-2119-4FA5-90C0-0EA258560F2A}
	EndGlobalSection
EndGlobal
